
Microsoft Visual Studio Solution File, Format Version 12.00
# Visual Studio 15
VisualStudioVersion = 15.0.26124.0
MinimumVisualStudioVersion = 15.0.26124.0
Project("{FAE04EC0-301F-11D3-BF4B-00C04F79EFBC}") = "palindrome", "palindrome.csproj", "{CA2C6A90-4430-4236-BB11-1AB23D043881}"
EndProject
Project("{FAE04EC0-301F-11D3-BF4B-00C04F79EFBC}") = "palindrome.DataStore", "..\palindrome.DataStore\palindrome.DataStore.csproj", "{3188DF4D-DE74-44D2-A161-5D18BE018830}"
EndProject
Project("{FAE04EC0-301F-11D3-BF4B-00C04F79EFBC}") = "palindrome.Test", "..\palindrome.Test\palindrome.Test.csproj", "{55844AB9-A763-427E-B635-B6A6338DCCFD}"
EndProject
Global
	GlobalSection(SolutionConfigurationPlatforms) = preSolution
		Debug|Any CPU = Debug|Any CPU
		Debug|x64 = Debug|x64
		Debug|x86 = Debug|x86
		Release|Any CPU = Release|Any CPU
		Release|x64 = Release|x64
		Release|x86 = Release|x86
	EndGlobalSection
	GlobalSection(SolutionProperties) = preSolution
		HideSolutionNode = FALSE
	EndGlobalSection
	GlobalSection(ProjectConfigurationPlatforms) = postSolution
		{CA2C6A90-4430-4236-BB11-1AB23D043881}.Debug|Any CPU.ActiveCfg = Debug|Any CPU
		{CA2C6A90-4430-4236-BB11-1AB23D043881}.Debug|Any CPU.Build.0 = Debug|Any CPU
		{CA2C6A90-4430-4236-BB11-1AB23D043881}.Debug|x64.ActiveCfg = Debug|Any CPU
		{CA2C6A90-4430-4236-BB11-1AB23D043881}.Debug|x64.Build.0 = Debug|Any CPU
		{CA2C6A90-4430-4236-BB11-1AB23D043881}.Debug|x86.ActiveCfg = Debug|Any CPU
		{CA2C6A90-4430-4236-BB11-1AB23D043881}.Debug|x86.Build.0 = Debug|Any CPU
		{CA2C6A90-4430-4236-BB11-1AB23D043881}.Release|Any CPU.ActiveCfg = Release|Any CPU
		{CA2C6A90-4430-4236-BB11-1AB23D043881}.Release|Any CPU.Build.0 = Release|Any CPU
		{CA2C6A90-4430-4236-BB11-1AB23D043881}.Release|x64.ActiveCfg = Release|Any CPU
		{CA2C6A90-4430-4236-BB11-1AB23D043881}.Release|x64.Build.0 = Release|Any CPU
		{CA2C6A90-4430-4236-BB11-1AB23D043881}.Release|x86.ActiveCfg = Release|Any CPU
		{CA2C6A90-4430-4236-BB11-1AB23D043881}.Release|x86.Build.0 = Release|Any CPU
		{3188DF4D-DE74-44D2-A161-5D18BE018830}.Debug|Any CPU.ActiveCfg = Debug|Any CPU
		{3188DF4D-DE74-44D2-A161-5D18BE018830}.Debug|Any CPU.Build.0 = Debug|Any CPU
		{3188DF4D-DE74-44D2-A161-5D18BE018830}.Debug|x64.ActiveCfg = Debug|Any CPU
		{3188DF4D-DE74-44D2-A161-5D18BE018830}.Debug|x64.Build.0 = Debug|Any CPU
		{3188DF4D-DE74-44D2-A161-5D18BE018830}.Debug|x86.ActiveCfg = Debug|Any CPU
		{3188DF4D-DE74-44D2-A161-5D18BE018830}.Debug|x86.Build.0 = Debug|Any CPU
		{3188DF4D-DE74-44D2-A161-5D18BE018830}.Release|Any CPU.ActiveCfg = Release|Any CPU
		{3188DF4D-DE74-44D2-A161-5D18BE018830}.Release|Any CPU.Build.0 = Release|Any CPU
		{3188DF4D-DE74-44D2-A161-5D18BE018830}.Release|x64.ActiveCfg = Release|Any CPU
		{3188DF4D-DE74-44D2-A161-5D18BE018830}.Release|x64.Build.0 = Release|Any CPU
		{3188DF4D-DE74-44D2-A161-5D18BE018830}.Release|x86.ActiveCfg = Release|Any CPU
		{3188DF4D-DE74-44D2-A161-5D18BE018830}.Release|x86.Build.0 = Release|Any CPU
		{55844AB9-A763-427E-B635-B6A6338DCCFD}.Debug|Any CPU.ActiveCfg = Debug|Any CPU
		{55844AB9-A763-427E-B635-B6A6338DCCFD}.Debug|Any CPU.Build.0 = Debug|Any CPU
		{55844AB9-A763-427E-B635-B6A6338DCCFD}.Debug|x64.ActiveCfg = Debug|Any CPU
		{55844AB9-A763-427E-B635-B6A6338DCCFD}.Debug|x64.Build.0 = Debug|Any CPU
		{55844AB9-A763-427E-B635-B6A6338DCCFD}.Debug|x86.ActiveCfg = Debug|Any CPU
		{55844AB9-A763-427E-B635-B6A6338DCCFD}.Debug|x86.Build.0 = Debug|Any CPU
		{55844AB9-A763-427E-B635-B6A6338DCCFD}.Release|Any CPU.ActiveCfg = Release|Any CPU
		{55844AB9-A763-427E-B635-B6A6338DCCFD}.Release|Any CPU.Build.0 = Release|Any CPU
		{55844AB9-A763-427E-B635-B6A6338DCCFD}.Release|x64.ActiveCfg = Release|Any CPU
		{55844AB9-A763-427E-B635-B6A6338DCCFD}.Release|x64.Build.0 = Release|Any CPU
		{55844AB9-A763-427E-B635-B6A6338DCCFD}.Release|x86.ActiveCfg = Release|Any CPU
		{55844AB9-A763-427E-B635-B6A6338DCCFD}.Release|x86.Build.0 = Release|Any CPU
	EndGlobalSection
EndGlobal
